
Microsoft Visual Studio Solution File, Format Version 12.00
# Visual Studio Version 17
VisualStudioVersion = 17.0.31903.59
MinimumVisualStudioVersion = 10.0.40219.1
Project("{2150E333-8FDC-42A3-9474-1A3956D46DE8}") = "AuctionService", "AuctionService", "{C6F5AF36-449A-D0BC-5E47-9E74ACDE189C}"
EndProject
Project("{FAE04EC0-301F-11D3-BF4B-00C04F79EFBC}") = "AuctionService.API", "AuctionService\src\API\AuctionService.API.csproj", "{47EF5C6B-6845-469F-A8B5-84E1FEC6F53A}"
EndProject
Project("{FAE04EC0-301F-11D3-BF4B-00C04F79EFBC}") = "AuctionService.Application", "AuctionService\src\Application\AuctionService.Application.csproj", "{933B40E1-E53F-466F-9BFC-9A75565AE0B5}"
EndProject
Project("{FAE04EC0-301F-11D3-BF4B-00C04F79EFBC}") = "AuctionService.Domain", "AuctionService\src\Domain\AuctionService.Domain.csproj", "{18752411-FCC0-4F20-85FA-3F238AE4C789}"
EndProject
Project("{FAE04EC0-301F-11D3-BF4B-00C04F79EFBC}") = "AuctionService.Infrastructure", "AuctionService\src\Infrastructure\AuctionService.Infrastructure.csproj", "{0698D465-116D-4B35-B3E6-8E6C363E5E96}"
EndProject
Project("{2150E333-8FDC-42A3-9474-1A3956D46DE8}") = "CommonService", "CommonService", "{BA978FC2-AAB1-1279-F5C2-C90C586834A8}"
EndProject
Project("{FAE04EC0-301F-11D3-BF4B-00C04F79EFBC}") = "CommonService.Domain", "CommonService\src\Domain\CommonService.Domain.csproj", "{538D2817-E204-4302-81FB-199041C21E4D}"
EndProject
Project("{FAE04EC0-301F-11D3-BF4B-00C04F79EFBC}") = "CommonService.Application", "CommonService\src\Application\CommonService.Application.csproj", "{BDAB3CAE-C036-4BF2-9053-308F1CC6895C}"
EndProject
Global
	GlobalSection(SolutionConfigurationPlatforms) = preSolution
		Debug|Any CPU = Debug|Any CPU
		Debug|x64 = Debug|x64
		Debug|x86 = Debug|x86
		Release|Any CPU = Release|Any CPU
		Release|x64 = Release|x64
		Release|x86 = Release|x86
	EndGlobalSection
	GlobalSection(ProjectConfigurationPlatforms) = postSolution
		{47EF5C6B-6845-469F-A8B5-84E1FEC6F53A}.Debug|Any CPU.ActiveCfg = Debug|Any CPU
		{47EF5C6B-6845-469F-A8B5-84E1FEC6F53A}.Debug|Any CPU.Build.0 = Debug|Any CPU
		{47EF5C6B-6845-469F-A8B5-84E1FEC6F53A}.Debug|x64.ActiveCfg = Debug|Any CPU
		{47EF5C6B-6845-469F-A8B5-84E1FEC6F53A}.Debug|x64.Build.0 = Debug|Any CPU
		{47EF5C6B-6845-469F-A8B5-84E1FEC6F53A}.Debug|x86.ActiveCfg = Debug|Any CPU
		{47EF5C6B-6845-469F-A8B5-84E1FEC6F53A}.Debug|x86.Build.0 = Debug|Any CPU
		{47EF5C6B-6845-469F-A8B5-84E1FEC6F53A}.Release|Any CPU.ActiveCfg = Release|Any CPU
		{47EF5C6B-6845-469F-A8B5-84E1FEC6F53A}.Release|Any CPU.Build.0 = Release|Any CPU
		{47EF5C6B-6845-469F-A8B5-84E1FEC6F53A}.Release|x64.ActiveCfg = Release|Any CPU
		{47EF5C6B-6845-469F-A8B5-84E1FEC6F53A}.Release|x64.Build.0 = Release|Any CPU
		{47EF5C6B-6845-469F-A8B5-84E1FEC6F53A}.Release|x86.ActiveCfg = Release|Any CPU
		{47EF5C6B-6845-469F-A8B5-84E1FEC6F53A}.Release|x86.Build.0 = Release|Any CPU
		{933B40E1-E53F-466F-9BFC-9A75565AE0B5}.Debug|Any CPU.ActiveCfg = Debug|Any CPU
		{933B40E1-E53F-466F-9BFC-9A75565AE0B5}.Debug|Any CPU.Build.0 = Debug|Any CPU
		{933B40E1-E53F-466F-9BFC-9A75565AE0B5}.Debug|x64.ActiveCfg = Debug|Any CPU
		{933B40E1-E53F-466F-9BFC-9A75565AE0B5}.Debug|x64.Build.0 = Debug|Any CPU
		{933B40E1-E53F-466F-9BFC-9A75565AE0B5}.Debug|x86.ActiveCfg = Debug|Any CPU
		{933B40E1-E53F-466F-9BFC-9A75565AE0B5}.Debug|x86.Build.0 = Debug|Any CPU
		{933B40E1-E53F-466F-9BFC-9A75565AE0B5}.Release|Any CPU.ActiveCfg = Release|Any CPU
		{933B40E1-E53F-466F-9BFC-9A75565AE0B5}.Release|Any CPU.Build.0 = Release|Any CPU
		{933B40E1-E53F-466F-9BFC-9A75565AE0B5}.Release|x64.ActiveCfg = Release|Any CPU
		{933B40E1-E53F-466F-9BFC-9A75565AE0B5}.Release|x64.Build.0 = Release|Any CPU
		{933B40E1-E53F-466F-9BFC-9A75565AE0B5}.Release|x86.ActiveCfg = Release|Any CPU
		{933B40E1-E53F-466F-9BFC-9A75565AE0B5}.Release|x86.Build.0 = Release|Any CPU
		{18752411-FCC0-4F20-85FA-3F238AE4C789}.Debug|Any CPU.ActiveCfg = Debug|Any CPU
		{18752411-FCC0-4F20-85FA-3F238AE4C789}.Debug|Any CPU.Build.0 = Debug|Any CPU
		{18752411-FCC0-4F20-85FA-3F238AE4C789}.Debug|x64.ActiveCfg = Debug|Any CPU
		{18752411-FCC0-4F20-85FA-3F238AE4C789}.Debug|x64.Build.0 = Debug|Any CPU
		{18752411-FCC0-4F20-85FA-3F238AE4C789}.Debug|x86.ActiveCfg = Debug|Any CPU
		{18752411-FCC0-4F20-85FA-3F238AE4C789}.Debug|x86.Build.0 = Debug|Any CPU
		{18752411-FCC0-4F20-85FA-3F238AE4C789}.Release|Any CPU.ActiveCfg = Release|Any CPU
		{18752411-FCC0-4F20-85FA-3F238AE4C789}.Release|Any CPU.Build.0 = Release|Any CPU
		{18752411-FCC0-4F20-85FA-3F238AE4C789}.Release|x64.ActiveCfg = Release|Any CPU
		{18752411-FCC0-4F20-85FA-3F238AE4C789}.Release|x64.Build.0 = Release|Any CPU
		{18752411-FCC0-4F20-85FA-3F238AE4C789}.Release|x86.ActiveCfg = Release|Any CPU
		{18752411-FCC0-4F20-85FA-3F238AE4C789}.Release|x86.Build.0 = Release|Any CPU
		{0698D465-116D-4B35-B3E6-8E6C363E5E96}.Debug|Any CPU.ActiveCfg = Debug|Any CPU
		{0698D465-116D-4B35-B3E6-8E6C363E5E96}.Debug|Any CPU.Build.0 = Debug|Any CPU
		{0698D465-116D-4B35-B3E6-8E6C363E5E96}.Debug|x64.ActiveCfg = Debug|Any CPU
		{0698D465-116D-4B35-B3E6-8E6C363E5E96}.Debug|x64.Build.0 = Debug|Any CPU
		{0698D465-116D-4B35-B3E6-8E6C363E5E96}.Debug|x86.ActiveCfg = Debug|Any CPU
		{0698D465-116D-4B35-B3E6-8E6C363E5E96}.Debug|x86.Build.0 = Debug|Any CPU
		{0698D465-116D-4B35-B3E6-8E6C363E5E96}.Release|Any CPU.ActiveCfg = Release|Any CPU
		{0698D465-116D-4B35-B3E6-8E6C363E5E96}.Release|Any CPU.Build.0 = Release|Any CPU
		{0698D465-116D-4B35-B3E6-8E6C363E5E96}.Release|x64.ActiveCfg = Release|Any CPU
		{0698D465-116D-4B35-B3E6-8E6C363E5E96}.Release|x64.Build.0 = Release|Any CPU
		{0698D465-116D-4B35-B3E6-8E6C363E5E96}.Release|x86.ActiveCfg = Release|Any CPU
		{0698D465-116D-4B35-B3E6-8E6C363E5E96}.Release|x86.Build.0 = Release|Any CPU
		{538D2817-E204-4302-81FB-199041C21E4D}.Debug|Any CPU.ActiveCfg = Debug|Any CPU
		{538D2817-E204-4302-81FB-199041C21E4D}.Debug|Any CPU.Build.0 = Debug|Any CPU
		{538D2817-E204-4302-81FB-199041C21E4D}.Debug|x64.ActiveCfg = Debug|Any CPU
		{538D2817-E204-4302-81FB-199041C21E4D}.Debug|x64.Build.0 = Debug|Any CPU
		{538D2817-E204-4302-81FB-199041C21E4D}.Debug|x86.ActiveCfg = Debug|Any CPU
		{538D2817-E204-4302-81FB-199041C21E4D}.Debug|x86.Build.0 = Debug|Any CPU
		{538D2817-E204-4302-81FB-199041C21E4D}.Release|Any CPU.ActiveCfg = Release|Any CPU
		{538D2817-E204-4302-81FB-199041C21E4D}.Release|Any CPU.Build.0 = Release|Any CPU
		{538D2817-E204-4302-81FB-199041C21E4D}.Release|x64.ActiveCfg = Release|Any CPU
		{538D2817-E204-4302-81FB-199041C21E4D}.Release|x64.Build.0 = Release|Any CPU
		{538D2817-E204-4302-81FB-199041C21E4D}.Release|x86.ActiveCfg = Release|Any CPU
		{538D2817-E204-4302-81FB-199041C21E4D}.Release|x86.Build.0 = Release|Any CPU
		{BDAB3CAE-C036-4BF2-9053-308F1CC6895C}.Debug|Any CPU.ActiveCfg = Debug|Any CPU
		{BDAB3CAE-C036-4BF2-9053-308F1CC6895C}.Debug|Any CPU.Build.0 = Debug|Any CPU
		{BDAB3CAE-C036-4BF2-9053-308F1CC6895C}.Debug|x64.ActiveCfg = Debug|Any CPU
		{BDAB3CAE-C036-4BF2-9053-308F1CC6895C}.Debug|x64.Build.0 = Debug|Any CPU
		{BDAB3CAE-C036-4BF2-9053-308F1CC6895C}.Debug|x86.ActiveCfg = Debug|Any CPU
		{BDAB3CAE-C036-4BF2-9053-308F1CC6895C}.Debug|x86.Build.0 = Debug|Any CPU
		{BDAB3CAE-C036-4BF2-9053-308F1CC6895C}.Release|Any CPU.ActiveCfg = Release|Any CPU
		{BDAB3CAE-C036-4BF2-9053-308F1CC6895C}.Release|Any CPU.Build.0 = Release|Any CPU
		{BDAB3CAE-C036-4BF2-9053-308F1CC6895C}.Release|x64.ActiveCfg = Release|Any CPU
		{BDAB3CAE-C036-4BF2-9053-308F1CC6895C}.Release|x64.Build.0 = Release|Any CPU
		{BDAB3CAE-C036-4BF2-9053-308F1CC6895C}.Release|x86.ActiveCfg = Release|Any CPU
		{BDAB3CAE-C036-4BF2-9053-308F1CC6895C}.Release|x86.Build.0 = Release|Any CPU
	EndGlobalSection
	GlobalSection(SolutionProperties) = preSolution
		HideSolutionNode = FALSE
	EndGlobalSection
	GlobalSection(NestedProjects) = preSolution
		{47EF5C6B-6845-469F-A8B5-84E1FEC6F53A} = {C6F5AF36-449A-D0BC-5E47-9E74ACDE189C}
		{933B40E1-E53F-466F-9BFC-9A75565AE0B5} = {C6F5AF36-449A-D0BC-5E47-9E74ACDE189C}
		{18752411-FCC0-4F20-85FA-3F238AE4C789} = {C6F5AF36-449A-D0BC-5E47-9E74ACDE189C}
		{0698D465-116D-4B35-B3E6-8E6C363E5E96} = {C6F5AF36-449A-D0BC-5E47-9E74ACDE189C}
		{538D2817-E204-4302-81FB-199041C21E4D} = {BA978FC2-AAB1-1279-F5C2-C90C586834A8}
		{BDAB3CAE-C036-4BF2-9053-308F1CC6895C} = {BA978FC2-AAB1-1279-F5C2-C90C586834A8}
	EndGlobalSection
	GlobalSection(ExtensibilityGlobals) = postSolution
		SolutionGuid = {F76C662E-E93B-457C-81A3-48C3F045416A}
	EndGlobalSection
EndGlobal
